
Microsoft Visual Studio Solution File, Format Version 12.00
# Visual Studio Version 17
VisualStudioVersion = 17.5.33424.131
MinimumVisualStudioVersion = 10.0.40219.1
Project("{FAE04EC0-301F-11D3-BF4B-00C04F79EFBC}") = "Trie", "Trie\Trie.csproj", "{DCCFC0E6-0D8B-41C4-AFCF-0A847C88529F}"
EndProject
Project("{FAE04EC0-301F-11D3-BF4B-00C04F79EFBC}") = "TrieTests", "TrieTests\TrieTests.csproj", "{934315B5-9B20-44A4-8933-90554003FDBE}"
EndProject
Global
	GlobalSection(SolutionConfigurationPlatforms) = preSolution
		Debug|Any CPU = Debug|Any CPU
		Release|Any CPU = Release|Any CPU
	EndGlobalSection
	GlobalSection(ProjectConfigurationPlatforms) = postSolution
		{DCCFC0E6-0D8B-41C4-AFCF-0A847C88529F}.Debug|Any CPU.ActiveCfg = Debug|Any CPU
		{DCCFC0E6-0D8B-41C4-AFCF-0A847C88529F}.Debug|Any CPU.Build.0 = Debug|Any CPU
		{DCCFC0E6-0D8B-41C4-AFCF-0A847C88529F}.Release|Any CPU.ActiveCfg = Release|Any CPU
		{DCCFC0E6-0D8B-41C4-AFCF-0A847C88529F}.Release|Any CPU.Build.0 = Release|Any CPU
		{934315B5-9B20-44A4-8933-90554003FDBE}.Debug|Any CPU.ActiveCfg = Debug|Any CPU
		{934315B5-9B20-44A4-8933-90554003FDBE}.Debug|Any CPU.Build.0 = Debug|Any CPU
		{934315B5-9B20-44A4-8933-90554003FDBE}.Release|Any CPU.ActiveCfg = Release|Any CPU
		{934315B5-9B20-44A4-8933-90554003FDBE}.Release|Any CPU.Build.0 = Release|Any CPU
	EndGlobalSection
	GlobalSection(SolutionProperties) = preSolution
		HideSolutionNode = FALSE
	EndGlobalSection
	GlobalSection(ExtensibilityGlobals) = postSolution
		SolutionGuid = {9A8AB715-C4B3-4911-925E-3FA2907B684D}
	EndGlobalSection
EndGlobal
