
Microsoft Visual Studio Solution File, Format Version 12.00
# Visual Studio Version 17
VisualStudioVersion = 17.5.33424.131
MinimumVisualStudioVersion = 10.0.40219.1
Project("{FAE04EC0-301F-11D3-BF4B-00C04F79EFBC}") = "Trie", "Trie\Trie.csproj", "{4AC913D4-B18C-42A2-B5F2-4FECD0ED21C7}"
EndProject
Global
	GlobalSection(SolutionConfigurationPlatforms) = preSolution
		Debug|Any CPU = Debug|Any CPU
		Release|Any CPU = Release|Any CPU
	EndGlobalSection
	GlobalSection(ProjectConfigurationPlatforms) = postSolution
		{4AC913D4-B18C-42A2-B5F2-4FECD0ED21C7}.Debug|Any CPU.ActiveCfg = Debug|Any CPU
		{4AC913D4-B18C-42A2-B5F2-4FECD0ED21C7}.Debug|Any CPU.Build.0 = Debug|Any CPU
		{4AC913D4-B18C-42A2-B5F2-4FECD0ED21C7}.Release|Any CPU.ActiveCfg = Release|Any CPU
		{4AC913D4-B18C-42A2-B5F2-4FECD0ED21C7}.Release|Any CPU.Build.0 = Release|Any CPU
	EndGlobalSection
	GlobalSection(SolutionProperties) = preSolution
		HideSolutionNode = FALSE
	EndGlobalSection
	GlobalSection(ExtensibilityGlobals) = postSolution
		SolutionGuid = {1B5FC19A-0A58-4CEA-89AE-19BD3849A0D5}
	EndGlobalSection
EndGlobal
