
Microsoft Visual Studio Solution File, Format Version 12.00
# Visual Studio Version 17
VisualStudioVersion = 17.5.33424.131
MinimumVisualStudioVersion = 10.0.40219.1
Project("{FAE04EC0-301F-11D3-BF4B-00C04F79EFBC}") = "Sorting1", "Sorting1\Sorting1.csproj", "{6FB2644D-FC92-487C-A749-1088BB743C3B}"
EndProject
Global
	GlobalSection(SolutionConfigurationPlatforms) = preSolution
		Debug|Any CPU = Debug|Any CPU
		Release|Any CPU = Release|Any CPU
	EndGlobalSection
	GlobalSection(ProjectConfigurationPlatforms) = postSolution
		{6FB2644D-FC92-487C-A749-1088BB743C3B}.Debug|Any CPU.ActiveCfg = Debug|Any CPU
		{6FB2644D-FC92-487C-A749-1088BB743C3B}.Debug|Any CPU.Build.0 = Debug|Any CPU
		{6FB2644D-FC92-487C-A749-1088BB743C3B}.Release|Any CPU.ActiveCfg = Release|Any CPU
		{6FB2644D-FC92-487C-A749-1088BB743C3B}.Release|Any CPU.Build.0 = Release|Any CPU
	EndGlobalSection
	GlobalSection(SolutionProperties) = preSolution
		HideSolutionNode = FALSE
	EndGlobalSection
	GlobalSection(ExtensibilityGlobals) = postSolution
		SolutionGuid = {CB6B0C3C-E6F3-4B08-9ECF-94F42A0FBF32}
	EndGlobalSection
EndGlobal
