
Microsoft Visual Studio Solution File, Format Version 12.00
# Visual Studio Version 17
VisualStudioVersion = 17.4.33403.182
MinimumVisualStudioVersion = 10.0.40219.1
Project("{FAE04EC0-301F-11D3-BF4B-00C04F79EFBC}") = "BWT", "BWT\BWT.csproj", "{73E1D483-F9FB-486E-8E01-CA0C0BC48A1B}"
EndProject
Global
	GlobalSection(SolutionConfigurationPlatforms) = preSolution
		Debug|Any CPU = Debug|Any CPU
		Release|Any CPU = Release|Any CPU
	EndGlobalSection
	GlobalSection(ProjectConfigurationPlatforms) = postSolution
		{73E1D483-F9FB-486E-8E01-CA0C0BC48A1B}.Debug|Any CPU.ActiveCfg = Debug|Any CPU
		{73E1D483-F9FB-486E-8E01-CA0C0BC48A1B}.Debug|Any CPU.Build.0 = Debug|Any CPU
		{73E1D483-F9FB-486E-8E01-CA0C0BC48A1B}.Release|Any CPU.ActiveCfg = Release|Any CPU
		{73E1D483-F9FB-486E-8E01-CA0C0BC48A1B}.Release|Any CPU.Build.0 = Release|Any CPU
	EndGlobalSection
	GlobalSection(SolutionProperties) = preSolution
		HideSolutionNode = FALSE
	EndGlobalSection
	GlobalSection(ExtensibilityGlobals) = postSolution
		SolutionGuid = {D9CD7BE1-0EB2-49B7-8E69-D123D8780333}
	EndGlobalSection
EndGlobal
